
Microsoft Visual Studio Solution File, Format Version 12.00
# Visual Studio Version 17
VisualStudioVersion = 17.13.35931.197
MinimumVisualStudioVersion = 10.0.40219.1
Project("{FAE04EC0-301F-11D3-BF4B-00C04F79EFBC}") = "PassRegistry.Desktop", "PassRegistry.Desktop\PassRegistry.Desktop.csproj", "{E2CFD06F-5D1E-4BB1-8E83-3D1F39A25A06}"
EndProject
Project("{FAE04EC0-301F-11D3-BF4B-00C04F79EFBC}") = "PassRegistry.Data", "PassRegistry.Data\PassRegistry.Data.csproj", "{3FED96C5-D747-4120-B14D-3718B2816904}"
EndProject
Project("{FAE04EC0-301F-11D3-BF4B-00C04F79EFBC}") = "PassRegistry.Logic", "PassRegistry.Logic\PassRegistry.Logic.csproj", "{72C85371-9A32-4012-A965-25D3B7ED174C}"
EndProject
Global
	GlobalSection(SolutionConfigurationPlatforms) = preSolution
		Debug|Any CPU = Debug|Any CPU
		Debug|x64 = Debug|x64
		Debug|x86 = Debug|x86
		Release|Any CPU = Release|Any CPU
		Release|x64 = Release|x64
		Release|x86 = Release|x86
	EndGlobalSection
	GlobalSection(ProjectConfigurationPlatforms) = postSolution
		{E2CFD06F-5D1E-4BB1-8E83-3D1F39A25A06}.Debug|Any CPU.ActiveCfg = Debug|Any CPU
		{E2CFD06F-5D1E-4BB1-8E83-3D1F39A25A06}.Debug|Any CPU.Build.0 = Debug|Any CPU
		{E2CFD06F-5D1E-4BB1-8E83-3D1F39A25A06}.Debug|x64.ActiveCfg = Debug|Any CPU
		{E2CFD06F-5D1E-4BB1-8E83-3D1F39A25A06}.Debug|x64.Build.0 = Debug|Any CPU
		{E2CFD06F-5D1E-4BB1-8E83-3D1F39A25A06}.Debug|x86.ActiveCfg = Debug|Any CPU
		{E2CFD06F-5D1E-4BB1-8E83-3D1F39A25A06}.Debug|x86.Build.0 = Debug|Any CPU
		{E2CFD06F-5D1E-4BB1-8E83-3D1F39A25A06}.Release|Any CPU.ActiveCfg = Release|Any CPU
		{E2CFD06F-5D1E-4BB1-8E83-3D1F39A25A06}.Release|Any CPU.Build.0 = Release|Any CPU
		{E2CFD06F-5D1E-4BB1-8E83-3D1F39A25A06}.Release|x64.ActiveCfg = Release|Any CPU
		{E2CFD06F-5D1E-4BB1-8E83-3D1F39A25A06}.Release|x64.Build.0 = Release|Any CPU
		{E2CFD06F-5D1E-4BB1-8E83-3D1F39A25A06}.Release|x86.ActiveCfg = Release|Any CPU
		{E2CFD06F-5D1E-4BB1-8E83-3D1F39A25A06}.Release|x86.Build.0 = Release|Any CPU
		{3FED96C5-D747-4120-B14D-3718B2816904}.Debug|Any CPU.ActiveCfg = Debug|Any CPU
		{3FED96C5-D747-4120-B14D-3718B2816904}.Debug|Any CPU.Build.0 = Debug|Any CPU
		{3FED96C5-D747-4120-B14D-3718B2816904}.Debug|x64.ActiveCfg = Debug|Any CPU
		{3FED96C5-D747-4120-B14D-3718B2816904}.Debug|x64.Build.0 = Debug|Any CPU
		{3FED96C5-D747-4120-B14D-3718B2816904}.Debug|x86.ActiveCfg = Debug|Any CPU
		{3FED96C5-D747-4120-B14D-3718B2816904}.Debug|x86.Build.0 = Debug|Any CPU
		{3FED96C5-D747-4120-B14D-3718B2816904}.Release|Any CPU.ActiveCfg = Release|Any CPU
		{3FED96C5-D747-4120-B14D-3718B2816904}.Release|Any CPU.Build.0 = Release|Any CPU
		{3FED96C5-D747-4120-B14D-3718B2816904}.Release|x64.ActiveCfg = Release|Any CPU
		{3FED96C5-D747-4120-B14D-3718B2816904}.Release|x64.Build.0 = Release|Any CPU
		{3FED96C5-D747-4120-B14D-3718B2816904}.Release|x86.ActiveCfg = Release|Any CPU
		{3FED96C5-D747-4120-B14D-3718B2816904}.Release|x86.Build.0 = Release|Any CPU
		{72C85371-9A32-4012-A965-25D3B7ED174C}.Debug|Any CPU.ActiveCfg = Debug|Any CPU
		{72C85371-9A32-4012-A965-25D3B7ED174C}.Debug|Any CPU.Build.0 = Debug|Any CPU
		{72C85371-9A32-4012-A965-25D3B7ED174C}.Debug|x64.ActiveCfg = Debug|Any CPU
		{72C85371-9A32-4012-A965-25D3B7ED174C}.Debug|x64.Build.0 = Debug|Any CPU
		{72C85371-9A32-4012-A965-25D3B7ED174C}.Debug|x86.ActiveCfg = Debug|Any CPU
		{72C85371-9A32-4012-A965-25D3B7ED174C}.Debug|x86.Build.0 = Debug|Any CPU
		{72C85371-9A32-4012-A965-25D3B7ED174C}.Release|Any CPU.ActiveCfg = Release|Any CPU
		{72C85371-9A32-4012-A965-25D3B7ED174C}.Release|Any CPU.Build.0 = Release|Any CPU
		{72C85371-9A32-4012-A965-25D3B7ED174C}.Release|x64.ActiveCfg = Release|Any CPU
		{72C85371-9A32-4012-A965-25D3B7ED174C}.Release|x64.Build.0 = Release|Any CPU
		{72C85371-9A32-4012-A965-25D3B7ED174C}.Release|x86.ActiveCfg = Release|Any CPU
		{72C85371-9A32-4012-A965-25D3B7ED174C}.Release|x86.Build.0 = Release|Any CPU
	EndGlobalSection
	GlobalSection(SolutionProperties) = preSolution
		HideSolutionNode = FALSE
	EndGlobalSection
	GlobalSection(ExtensibilityGlobals) = postSolution
		SolutionGuid = {60BDDC08-5E69-4D23-B594-770E6D8265AF}
	EndGlobalSection
EndGlobal
